
Microsoft Visual Studio Solution File, Format Version 12.00
# Visual Studio Version 17
VisualStudioVersion = 17.6.33815.320
MinimumVisualStudioVersion = 10.0.40219.1
Project("{9A19103F-16F7-4668-BE54-9A1E7A4F7556}") = "XboxWheelTovJoyUI", "XboxWheelTovJoyUI.csproj", "{EBE30000-7211-4B0B-86FB-E7DFAF763ED2}"
EndProject
Project("{9A19103F-16F7-4668-BE54-9A1E7A4F7556}") = "XboxWheelWorkerService", "..\XboxWheelWorkerService\XboxWheelWorkerService.csproj", "{EEB7D5C8-B794-49EC-B956-8142F1208D3E}"
EndProject
Project("{9A19103F-16F7-4668-BE54-9A1E7A4F7556}") = "XboxWheelCommon", "..\XboxWheelCommon\XboxWheelCommon.csproj", "{1AFA8147-6E37-4B57-B5C0-F8F81E904AF0}"
EndProject
Project("{930C7802-8A8C-48F9-8165-68863BCCD9DD}") = "WheelTovJoyInstaller", "..\WheelTovJoyInstaller\WheelTovJoyInstaller.wixproj", "{28149F4F-39B6-4743-A4FA-E4BE797EDE11}"
EndProject
Global
	GlobalSection(SolutionConfigurationPlatforms) = preSolution
		Debug|Any CPU = Debug|Any CPU
		Debug|x64 = Debug|x64
		Release|Any CPU = Release|Any CPU
		Release|x64 = Release|x64
	EndGlobalSection
	GlobalSection(ProjectConfigurationPlatforms) = postSolution
		{EBE30000-7211-4B0B-86FB-E7DFAF763ED2}.Debug|Any CPU.ActiveCfg = Debug|Any CPU
		{EBE30000-7211-4B0B-86FB-E7DFAF763ED2}.Debug|Any CPU.Build.0 = Debug|Any CPU
		{EBE30000-7211-4B0B-86FB-E7DFAF763ED2}.Debug|x64.ActiveCfg = Debug|x64
		{EBE30000-7211-4B0B-86FB-E7DFAF763ED2}.Debug|x64.Build.0 = Debug|x64
		{EBE30000-7211-4B0B-86FB-E7DFAF763ED2}.Release|Any CPU.ActiveCfg = Release|Any CPU
		{EBE30000-7211-4B0B-86FB-E7DFAF763ED2}.Release|Any CPU.Build.0 = Release|Any CPU
		{EBE30000-7211-4B0B-86FB-E7DFAF763ED2}.Release|x64.ActiveCfg = Release|x64
		{EBE30000-7211-4B0B-86FB-E7DFAF763ED2}.Release|x64.Build.0 = Release|x64
		{EEB7D5C8-B794-49EC-B956-8142F1208D3E}.Debug|Any CPU.ActiveCfg = Debug|Any CPU
		{EEB7D5C8-B794-49EC-B956-8142F1208D3E}.Debug|Any CPU.Build.0 = Debug|Any CPU
		{EEB7D5C8-B794-49EC-B956-8142F1208D3E}.Debug|x64.ActiveCfg = Debug|Any CPU
		{EEB7D5C8-B794-49EC-B956-8142F1208D3E}.Debug|x64.Build.0 = Debug|Any CPU
		{EEB7D5C8-B794-49EC-B956-8142F1208D3E}.Release|Any CPU.ActiveCfg = Release|Any CPU
		{EEB7D5C8-B794-49EC-B956-8142F1208D3E}.Release|Any CPU.Build.0 = Release|Any CPU
		{EEB7D5C8-B794-49EC-B956-8142F1208D3E}.Release|x64.ActiveCfg = Release|Any CPU
		{EEB7D5C8-B794-49EC-B956-8142F1208D3E}.Release|x64.Build.0 = Release|Any CPU
		{1AFA8147-6E37-4B57-B5C0-F8F81E904AF0}.Debug|Any CPU.ActiveCfg = Debug|Any CPU
		{1AFA8147-6E37-4B57-B5C0-F8F81E904AF0}.Debug|Any CPU.Build.0 = Debug|Any CPU
		{1AFA8147-6E37-4B57-B5C0-F8F81E904AF0}.Debug|x64.ActiveCfg = Debug|Any CPU
		{1AFA8147-6E37-4B57-B5C0-F8F81E904AF0}.Debug|x64.Build.0 = Debug|Any CPU
		{1AFA8147-6E37-4B57-B5C0-F8F81E904AF0}.Release|Any CPU.ActiveCfg = Release|Any CPU
		{1AFA8147-6E37-4B57-B5C0-F8F81E904AF0}.Release|Any CPU.Build.0 = Release|Any CPU
		{1AFA8147-6E37-4B57-B5C0-F8F81E904AF0}.Release|x64.ActiveCfg = Release|Any CPU
		{1AFA8147-6E37-4B57-B5C0-F8F81E904AF0}.Release|x64.Build.0 = Release|Any CPU
		{28149F4F-39B6-4743-A4FA-E4BE797EDE11}.Debug|Any CPU.ActiveCfg = Debug|x86
		{28149F4F-39B6-4743-A4FA-E4BE797EDE11}.Debug|Any CPU.Build.0 = Debug|x86
		{28149F4F-39B6-4743-A4FA-E4BE797EDE11}.Debug|x64.ActiveCfg = Debug|x86
		{28149F4F-39B6-4743-A4FA-E4BE797EDE11}.Debug|x64.Build.0 = Debug|x86
		{28149F4F-39B6-4743-A4FA-E4BE797EDE11}.Release|Any CPU.ActiveCfg = Release|x86
		{28149F4F-39B6-4743-A4FA-E4BE797EDE11}.Release|Any CPU.Build.0 = Release|x86
		{28149F4F-39B6-4743-A4FA-E4BE797EDE11}.Release|x64.ActiveCfg = Release|x64
		{28149F4F-39B6-4743-A4FA-E4BE797EDE11}.Release|x64.Build.0 = Release|x64
	EndGlobalSection
	GlobalSection(SolutionProperties) = preSolution
		HideSolutionNode = FALSE
	EndGlobalSection
	GlobalSection(ExtensibilityGlobals) = postSolution
		SolutionGuid = {B16BD42D-82B7-4374-9DBD-86C678036AF7}
	EndGlobalSection
EndGlobal
